
Microsoft Visual Studio Solution File, Format Version 12.00
# Visual Studio 15
VisualStudioVersion = 15.0.28307.329
MinimumVisualStudioVersion = 10.0.40219.1
Project("{8BC9CEB8-8B4A-11D0-8D11-00A0C91BC942}") = "10-Animacion", "10-Animacion\10-Animacion.vcxproj", "{7A34C8FA-06F2-4D56-AB10-52CF1C07C19A}"
EndProject
Project("{8BC9CEB8-8B4A-11D0-8D11-00A0C91BC942}") = "12-AnimacionKeyFrames", "12-AnimacionKeyFrames\12-AnimacionKeyFrames.vcxproj", "{5B48AAD4-DC74-4332-BF60-2E95C9B1D9E5}"
EndProject
Global
	GlobalSection(SolutionConfigurationPlatforms) = preSolution
		Debug|x64 = Debug|x64
		Debug|x86 = Debug|x86
		Release|x64 = Release|x64
		Release|x86 = Release|x86
	EndGlobalSection
	GlobalSection(ProjectConfigurationPlatforms) = postSolution
		{7A34C8FA-06F2-4D56-AB10-52CF1C07C19A}.Debug|x64.ActiveCfg = Release|x64
		{7A34C8FA-06F2-4D56-AB10-52CF1C07C19A}.Debug|x64.Build.0 = Release|x64
		{7A34C8FA-06F2-4D56-AB10-52CF1C07C19A}.Debug|x86.ActiveCfg = Debug|Win32
		{7A34C8FA-06F2-4D56-AB10-52CF1C07C19A}.Debug|x86.Build.0 = Debug|Win32
		{7A34C8FA-06F2-4D56-AB10-52CF1C07C19A}.Release|x64.ActiveCfg = Release|x64
		{7A34C8FA-06F2-4D56-AB10-52CF1C07C19A}.Release|x64.Build.0 = Release|x64
		{7A34C8FA-06F2-4D56-AB10-52CF1C07C19A}.Release|x86.ActiveCfg = Release|Win32
		{7A34C8FA-06F2-4D56-AB10-52CF1C07C19A}.Release|x86.Build.0 = Release|Win32
		{5B48AAD4-DC74-4332-BF60-2E95C9B1D9E5}.Debug|x64.ActiveCfg = Release|x64
		{5B48AAD4-DC74-4332-BF60-2E95C9B1D9E5}.Debug|x64.Build.0 = Release|x64
		{5B48AAD4-DC74-4332-BF60-2E95C9B1D9E5}.Debug|x86.ActiveCfg = Debug|Win32
		{5B48AAD4-DC74-4332-BF60-2E95C9B1D9E5}.Debug|x86.Build.0 = Debug|Win32
		{5B48AAD4-DC74-4332-BF60-2E95C9B1D9E5}.Release|x64.ActiveCfg = Release|x64
		{5B48AAD4-DC74-4332-BF60-2E95C9B1D9E5}.Release|x64.Build.0 = Release|x64
		{5B48AAD4-DC74-4332-BF60-2E95C9B1D9E5}.Release|x86.ActiveCfg = Release|Win32
		{5B48AAD4-DC74-4332-BF60-2E95C9B1D9E5}.Release|x86.Build.0 = Release|Win32
	EndGlobalSection
	GlobalSection(SolutionProperties) = preSolution
		HideSolutionNode = FALSE
	EndGlobalSection
	GlobalSection(ExtensibilityGlobals) = postSolution
		SolutionGuid = {82A71786-481A-4284-BD37-A00EF97EA658}
	EndGlobalSection
EndGlobal
